// !$*UTF8*$!
{
	archiveVersion = 1;
	classes = {
	};
	objectVersion = 56;
	objects = {

/* Begin PBXBuildFile section */
		320255A72BF6496D0095CB95 /* CustomProgressViewStyle.swift in Sources */ = {isa = PBXBuildFile; fileRef = 320255A62BF6496D0095CB95 /* CustomProgressViewStyle.swift */; };
		3264DAED2BE2254E000DBB32 /* CustomView.swift in Sources */ = {isa = PBXBuildFile; fileRef = 3264DAEC2BE2254E000DBB32 /* CustomView.swift */; };
		3278ABC12BF3C4EE00343573 /* DailyForecastView.swift in Sources */ = {isa = PBXBuildFile; fileRef = 3278ABC02BF3C4EE00343573 /* DailyForecastView.swift */; };
		327A3FF52C05023C003F5066 /* MapForecastView.swift in Sources */ = {isa = PBXBuildFile; fileRef = 327A3FF42C05023C003F5066 /* MapForecastView.swift */; };
		32A55A4E2BDE6B5800692FBD /* ScrollContentBackgroundHiddenModifier.swift in Sources */ = {isa = PBXBuildFile; fileRef = 32A55A4D2BDE6B5800692FBD /* ScrollContentBackgroundHiddenModifier.swift */; };
		32A55A502BDEACDA00692FBD /* WeatherViewModel.swift in Sources */ = {isa = PBXBuildFile; fileRef = 32A55A4F2BDEACDA00692FBD /* WeatherViewModel.swift */; };
		32A55A522BDEB00100692FBD /* Weather.swift in Sources */ = {isa = PBXBuildFile; fileRef = 32A55A512BDEB00100692FBD /* Weather.swift */; };
		32C377BC2BEE4416003179EA /* HttpClient.swift in Sources */ = {isa = PBXBuildFile; fileRef = 32C377BB2BEE4415003179EA /* HttpClient.swift */; };
		32C377BE2BEE99A0003179EA /* HourlyForecastView.swift in Sources */ = {isa = PBXBuildFile; fileRef = 32C377BD2BEE99A0003179EA /* HourlyForecastView.swift */; };
		32CD35742BDC317F00911EEB /* WeatherApp.swift in Sources */ = {isa = PBXBuildFile; fileRef = 32CD35732BDC317F00911EEB /* WeatherApp.swift */; };
		32CD35762BDC317F00911EEB /* WeatherView.swift in Sources */ = {isa = PBXBuildFile; fileRef = 32CD35752BDC317F00911EEB /* WeatherView.swift */; };
		32CD35782BDC318100911EEB /* Assets.xcassets in Resources */ = {isa = PBXBuildFile; fileRef = 32CD35772BDC318100911EEB /* Assets.xcassets */; };
		32CD357B2BDC318100911EEB /* Preview Assets.xcassets in Resources */ = {isa = PBXBuildFile; fileRef = 32CD357A2BDC318100911EEB /* Preview Assets.xcassets */; };
		32CE58202BED50160082159F /* WeatherSummaryView.swift in Sources */ = {isa = PBXBuildFile; fileRef = 32CE581F2BED50160082159F /* WeatherSummaryView.swift */; };
		32EFCB022BFD38BE0042A706 /* BackgroundView.swift in Sources */ = {isa = PBXBuildFile; fileRef = 32EFCB012BFD38BE0042A706 /* BackgroundView.swift */; };
/* End PBXBuildFile section */

/* Begin PBXFileReference section */
		320255A62BF6496D0095CB95 /* CustomProgressViewStyle.swift */ = {isa = PBXFileReference; lastKnownFileType = sourcecode.swift; path = CustomProgressViewStyle.swift; sourceTree = "<group>"; };
		3264DAEC2BE2254E000DBB32 /* CustomView.swift */ = {isa = PBXFileReference; lastKnownFileType = sourcecode.swift; path = CustomView.swift; sourceTree = "<group>"; };
		3278ABC02BF3C4EE00343573 /* DailyForecastView.swift */ = {isa = PBXFileReference; lastKnownFileType = sourcecode.swift; path = DailyForecastView.swift; sourceTree = "<group>"; };
		327A3FF42C05023C003F5066 /* MapForecastView.swift */ = {isa = PBXFileReference; lastKnownFileType = sourcecode.swift; path = MapForecastView.swift; sourceTree = "<group>"; };
		32A55A4D2BDE6B5800692FBD /* ScrollContentBackgroundHiddenModifier.swift */ = {isa = PBXFileReference; lastKnownFileType = sourcecode.swift; path = ScrollContentBackgroundHiddenModifier.swift; sourceTree = "<group>"; };
		32A55A4F2BDEACDA00692FBD /* WeatherViewModel.swift */ = {isa = PBXFileReference; lastKnownFileType = sourcecode.swift; path = WeatherViewModel.swift; sourceTree = "<group>"; };
		32A55A512BDEB00100692FBD /* Weather.swift */ = {isa = PBXFileReference; lastKnownFileType = sourcecode.swift; path = Weather.swift; sourceTree = "<group>"; };
		32C377BB2BEE4415003179EA /* HttpClient.swift */ = {isa = PBXFileReference; lastKnownFileType = sourcecode.swift; path = HttpClient.swift; sourceTree = "<group>"; };
		32C377BD2BEE99A0003179EA /* HourlyForecastView.swift */ = {isa = PBXFileReference; lastKnownFileType = sourcecode.swift; path = HourlyForecastView.swift; sourceTree = "<group>"; };
		32CD35702BDC317F00911EEB /* Weather.app */ = {isa = PBXFileReference; explicitFileType = wrapper.application; includeInIndex = 0; path = Weather.app; sourceTree = BUILT_PRODUCTS_DIR; };
		32CD35732BDC317F00911EEB /* WeatherApp.swift */ = {isa = PBXFileReference; lastKnownFileType = sourcecode.swift; path = WeatherApp.swift; sourceTree = "<group>"; };
		32CD35752BDC317F00911EEB /* WeatherView.swift */ = {isa = PBXFileReference; lastKnownFileType = sourcecode.swift; path = WeatherView.swift; sourceTree = "<group>"; };
		32CD35772BDC318100911EEB /* Assets.xcassets */ = {isa = PBXFileReference; lastKnownFileType = folder.assetcatalog; path = Assets.xcassets; sourceTree = "<group>"; };
		32CD357A2BDC318100911EEB /* Preview Assets.xcassets */ = {isa = PBXFileReference; lastKnownFileType = folder.assetcatalog; path = "Preview Assets.xcassets"; sourceTree = "<group>"; };
		32CD35862BDC32BF00911EEB /* Info.plist */ = {isa = PBXFileReference; lastKnownFileType = text.plist.xml; path = Info.plist; sourceTree = "<group>"; };
		32CE581F2BED50160082159F /* WeatherSummaryView.swift */ = {isa = PBXFileReference; lastKnownFileType = sourcecode.swift; path = WeatherSummaryView.swift; sourceTree = "<group>"; };
		32EFCB012BFD38BE0042A706 /* BackgroundView.swift */ = {isa = PBXFileReference; lastKnownFileType = sourcecode.swift; path = BackgroundView.swift; sourceTree = "<group>"; };
/* End PBXFileReference section */

/* Begin PBXFrameworksBuildPhase section */
		32CD356D2BDC317F00911EEB /* Frameworks */ = {
			isa = PBXFrameworksBuildPhase;
			buildActionMask = 2147483647;
			files = (
			);
			runOnlyForDeploymentPostprocessing = 0;
		};
/* End PBXFrameworksBuildPhase section */

/* Begin PBXGroup section */
		32A55A462BDE6A6000692FBD /* Views */ = {
			isa = PBXGroup;
			children = (
				32CD35752BDC317F00911EEB /* WeatherView.swift */,
				32CE581F2BED50160082159F /* WeatherSummaryView.swift */,
				32C377BD2BEE99A0003179EA /* HourlyForecastView.swift */,
				3278ABC02BF3C4EE00343573 /* DailyForecastView.swift */,
				327A3FF42C05023C003F5066 /* MapForecastView.swift */,
				32EFCB012BFD38BE0042A706 /* BackgroundView.swift */,
				3264DAEC2BE2254E000DBB32 /* CustomView.swift */,
				320255A62BF6496D0095CB95 /* CustomProgressViewStyle.swift */,
			);
			path = Views;
			sourceTree = "<group>";
		};
		32A55A472BDE6A6800692FBD /* ViewModels */ = {
			isa = PBXGroup;
			children = (
				32A55A4F2BDEACDA00692FBD /* WeatherViewModel.swift */,
			);
			path = ViewModels;
			sourceTree = "<group>";
		};
		32A55A482BDE6A8A00692FBD /* Models */ = {
			isa = PBXGroup;
			children = (
				32A55A512BDEB00100692FBD /* Weather.swift */,
			);
			path = Models;
			sourceTree = "<group>";
		};
		32A55A492BDE6A9A00692FBD /* App Lifecyle */ = {
			isa = PBXGroup;
			children = (
				32CD35732BDC317F00911EEB /* WeatherApp.swift */,
			);
			path = "App Lifecyle";
			sourceTree = "<group>";
		};
		32A55A4A2BDE6ADB00692FBD /* Utilities */ = {
			isa = PBXGroup;
			children = (
				32C377BB2BEE4415003179EA /* HttpClient.swift */,
			);
			path = Utilities;
			sourceTree = "<group>";
		};
		32A55A4B2BDE6AED00692FBD /* Resources */ = {
			isa = PBXGroup;
			children = (
				32CD35862BDC32BF00911EEB /* Info.plist */,
				32CD35772BDC318100911EEB /* Assets.xcassets */,
				32CD35792BDC318100911EEB /* Preview Content */,
			);
			path = Resources;
			sourceTree = "<group>";
		};
		32A55A4C2BDE6B3900692FBD /* ViewModifiers */ = {
			isa = PBXGroup;
			children = (
				32A55A4D2BDE6B5800692FBD /* ScrollContentBackgroundHiddenModifier.swift */,
			);
			path = ViewModifiers;
			sourceTree = "<group>";
		};
		32CD35672BDC317F00911EEB = {
			isa = PBXGroup;
			children = (
				32CD35722BDC317F00911EEB /* Weather */,
				32CD35712BDC317F00911EEB /* Products */,
			);
			sourceTree = "<group>";
		};
		32CD35712BDC317F00911EEB /* Products */ = {
			isa = PBXGroup;
			children = (
				32CD35702BDC317F00911EEB /* Weather.app */,
			);
			name = Products;
			sourceTree = "<group>";
		};
		32CD35722BDC317F00911EEB /* Weather */ = {
			isa = PBXGroup;
			children = (
				32A55A492BDE6A9A00692FBD /* App Lifecyle */,
				32A55A482BDE6A8A00692FBD /* Models */,
				32A55A462BDE6A6000692FBD /* Views */,
				32A55A472BDE6A6800692FBD /* ViewModels */,
				32A55A4C2BDE6B3900692FBD /* ViewModifiers */,
				32A55A4A2BDE6ADB00692FBD /* Utilities */,
				32A55A4B2BDE6AED00692FBD /* Resources */,
			);
			path = Weather;
			sourceTree = "<group>";
		};
		32CD35792BDC318100911EEB /* Preview Content */ = {
			isa = PBXGroup;
			children = (
				32CD357A2BDC318100911EEB /* Preview Assets.xcassets */,
			);
			path = "Preview Content";
			sourceTree = "<group>";
		};
/* End PBXGroup section */

/* Begin PBXNativeTarget section */
		32CD356F2BDC317F00911EEB /* Weather */ = {
			isa = PBXNativeTarget;
			buildConfigurationList = 32CD357E2BDC318100911EEB /* Build configuration list for PBXNativeTarget "Weather" */;
			buildPhases = (
				32CD356C2BDC317F00911EEB /* Sources */,
				32CD356D2BDC317F00911EEB /* Frameworks */,
				32CD356E2BDC317F00911EEB /* Resources */,
			);
			buildRules = (
			);
			dependencies = (
			);
			name = Weather;
			packageProductDependencies = (
			);
			productName = Weather;
			productReference = 32CD35702BDC317F00911EEB /* Weather.app */;
			productType = "com.apple.product-type.application";
		};
/* End PBXNativeTarget section */

/* Begin PBXProject section */
		32CD35682BDC317F00911EEB /* Project object */ = {
			isa = PBXProject;
			attributes = {
				BuildIndependentTargetsInParallel = 1;
				LastSwiftUpdateCheck = 1530;
				LastUpgradeCheck = 1530;
				TargetAttributes = {
					32CD356F2BDC317F00911EEB = {
						CreatedOnToolsVersion = 15.3;
					};
				};
			};
			buildConfigurationList = 32CD356B2BDC317F00911EEB /* Build configuration list for PBXProject "Weather" */;
			compatibilityVersion = "Xcode 14.0";
			developmentRegion = en;
			hasScannedForEncodings = 0;
			knownRegions = (
				en,
				Base,
			);
			mainGroup = 32CD35672BDC317F00911EEB;
			packageReferences = (
			);
			productRefGroup = 32CD35712BDC317F00911EEB /* Products */;
			projectDirPath = "";
			projectRoot = "";
			targets = (
				32CD356F2BDC317F00911EEB /* Weather */,
			);
		};
/* End PBXProject section */

/* Begin PBXResourcesBuildPhase section */
		32CD356E2BDC317F00911EEB /* Resources */ = {
			isa = PBXResourcesBuildPhase;
			buildActionMask = 2147483647;
			files = (
				32CD357B2BDC318100911EEB /* Preview Assets.xcassets in Resources */,
				32CD35782BDC318100911EEB /* Assets.xcassets in Resources */,
			);
			runOnlyForDeploymentPostprocessing = 0;
		};
/* End PBXResourcesBuildPhase section */

/* Begin PBXSourcesBuildPhase section */
		32CD356C2BDC317F00911EEB /* Sources */ = {
			isa = PBXSourcesBuildPhase;
			buildActionMask = 2147483647;
			files = (
				32A55A522BDEB00100692FBD /* Weather.swift in Sources */,
				327A3FF52C05023C003F5066 /* MapForecastView.swift in Sources */,
				3278ABC12BF3C4EE00343573 /* DailyForecastView.swift in Sources */,
				32CD35762BDC317F00911EEB /* WeatherView.swift in Sources */,
				320255A72BF6496D0095CB95 /* CustomProgressViewStyle.swift in Sources */,
				32CE58202BED50160082159F /* WeatherSummaryView.swift in Sources */,
				3264DAED2BE2254E000DBB32 /* CustomView.swift in Sources */,
				32EFCB022BFD38BE0042A706 /* BackgroundView.swift in Sources */,
				32CD35742BDC317F00911EEB /* WeatherApp.swift in Sources */,
				32C377BC2BEE4416003179EA /* HttpClient.swift in Sources */,
				32A55A4E2BDE6B5800692FBD /* ScrollContentBackgroundHiddenModifier.swift in Sources */,
				32A55A502BDEACDA00692FBD /* WeatherViewModel.swift in Sources */,
				32C377BE2BEE99A0003179EA /* HourlyForecastView.swift in Sources */,
			);
			runOnlyForDeploymentPostprocessing = 0;
		};
/* End PBXSourcesBuildPhase section */

/* Begin XCBuildConfiguration section */
		32CD357C2BDC318100911EEB /* Debug */ = {
			isa = XCBuildConfiguration;
			buildSettings = {
				ALWAYS_SEARCH_USER_PATHS = NO;
				ASSETCATALOG_COMPILER_GENERATE_SWIFT_ASSET_SYMBOL_EXTENSIONS = YES;
				CLANG_ANALYZER_NONNULL = YES;
				CLANG_ANALYZER_NUMBER_OBJECT_CONVERSION = YES_AGGRESSIVE;
				CLANG_CXX_LANGUAGE_STANDARD = "gnu++20";
				CLANG_ENABLE_MODULES = YES;
				CLANG_ENABLE_OBJC_ARC = YES;
				CLANG_ENABLE_OBJC_WEAK = YES;
				CLANG_WARN_BLOCK_CAPTURE_AUTORELEASING = YES;
				CLANG_WARN_BOOL_CONVERSION = YES;
				CLANG_WARN_COMMA = YES;
				CLANG_WARN_CONSTANT_CONVERSION = YES;
				CLANG_WARN_DEPRECATED_OBJC_IMPLEMENTATIONS = YES;
				CLANG_WARN_DIRECT_OBJC_ISA_USAGE = YES_ERROR;
				CLANG_WARN_DOCUMENTATION_COMMENTS = YES;
				CLANG_WARN_EMPTY_BODY = YES;
				CLANG_WARN_ENUM_CONVERSION = YES;
				CLANG_WARN_INFINITE_RECURSION = YES;
				CLANG_WARN_INT_CONVERSION = YES;
				CLANG_WARN_NON_LITERAL_NULL_CONVERSION = YES;
				CLANG_WARN_OBJC_IMPLICIT_RETAIN_SELF = YES;
				CLANG_WARN_OBJC_LITERAL_CONVERSION = YES;
				CLANG_WARN_OBJC_ROOT_CLASS = YES_ERROR;
				CLANG_WARN_QUOTED_INCLUDE_IN_FRAMEWORK_HEADER = YES;
				CLANG_WARN_RANGE_LOOP_ANALYSIS = YES;
				CLANG_WARN_STRICT_PROTOTYPES = YES;
				CLANG_WARN_SUSPICIOUS_MOVE = YES;
				CLANG_WARN_UNGUARDED_AVAILABILITY = YES_AGGRESSIVE;
				CLANG_WARN_UNREACHABLE_CODE = YES;
				CLANG_WARN__DUPLICATE_METHOD_MATCH = YES;
				COPY_PHASE_STRIP = NO;
				DEBUG_INFORMATION_FORMAT = dwarf;
				ENABLE_STRICT_OBJC_MSGSEND = YES;
				ENABLE_TESTABILITY = YES;
				ENABLE_USER_SCRIPT_SANDBOXING = YES;
				GCC_C_LANGUAGE_STANDARD = gnu17;
				GCC_DYNAMIC_NO_PIC = NO;
				GCC_NO_COMMON_BLOCKS = YES;
				GCC_OPTIMIZATION_LEVEL = 0;
				GCC_PREPROCESSOR_DEFINITIONS = (
					"DEBUG=1",
					"$(inherited)",
				);
				GCC_WARN_64_TO_32_BIT_CONVERSION = YES;
				GCC_WARN_ABOUT_RETURN_TYPE = YES_ERROR;
				GCC_WARN_UNDECLARED_SELECTOR = YES;
				GCC_WARN_UNINITIALIZED_AUTOS = YES_AGGRESSIVE;
				GCC_WARN_UNUSED_FUNCTION = YES;
				GCC_WARN_UNUSED_VARIABLE = YES;
				IPHONEOS_DEPLOYMENT_TARGET = 15.0;
				LOCALIZATION_PREFERS_STRING_CATALOGS = YES;
				MTL_ENABLE_DEBUG_INFO = INCLUDE_SOURCE;
				MTL_FAST_MATH = YES;
				ONLY_ACTIVE_ARCH = YES;
				SDKROOT = iphoneos;
				SWIFT_ACTIVE_COMPILATION_CONDITIONS = "DEBUG $(inherited)";
				SWIFT_OPTIMIZATION_LEVEL = "-Onone";
			};
			name = Debug;
		};
		32CD357D2BDC318100911EEB /* Release */ = {
			isa = XCBuildConfiguration;
			buildSettings = {
				ALWAYS_SEARCH_USER_PATHS = NO;
				ASSETCATALOG_COMPILER_GENERATE_SWIFT_ASSET_SYMBOL_EXTENSIONS = YES;
				CLANG_ANALYZER_NONNULL = YES;
				CLANG_ANALYZER_NUMBER_OBJECT_CONVERSION = YES_AGGRESSIVE;
				CLANG_CXX_LANGUAGE_STANDARD = "gnu++20";
				CLANG_ENABLE_MODULES = YES;
				CLANG_ENABLE_OBJC_ARC = YES;
				CLANG_ENABLE_OBJC_WEAK = YES;
				CLANG_WARN_BLOCK_CAPTURE_AUTORELEASING = YES;
				CLANG_WARN_BOOL_CONVERSION = YES;
				CLANG_WARN_COMMA = YES;
				CLANG_WARN_CONSTANT_CONVERSION = YES;
				CLANG_WARN_DEPRECATED_OBJC_IMPLEMENTATIONS = YES;
				CLANG_WARN_DIRECT_OBJC_ISA_USAGE = YES_ERROR;
				CLANG_WARN_DOCUMENTATION_COMMENTS = YES;
				CLANG_WARN_EMPTY_BODY = YES;
				CLANG_WARN_ENUM_CONVERSION = YES;
				CLANG_WARN_INFINITE_RECURSION = YES;
				CLANG_WARN_INT_CONVERSION = YES;
				CLANG_WARN_NON_LITERAL_NULL_CONVERSION = YES;
				CLANG_WARN_OBJC_IMPLICIT_RETAIN_SELF = YES;
				CLANG_WARN_OBJC_LITERAL_CONVERSION = YES;
				CLANG_WARN_OBJC_ROOT_CLASS = YES_ERROR;
				CLANG_WARN_QUOTED_INCLUDE_IN_FRAMEWORK_HEADER = YES;
				CLANG_WARN_RANGE_LOOP_ANALYSIS = YES;
				CLANG_WARN_STRICT_PROTOTYPES = YES;
				CLANG_WARN_SUSPICIOUS_MOVE = YES;
				CLANG_WARN_UNGUARDED_AVAILABILITY = YES_AGGRESSIVE;
				CLANG_WARN_UNREACHABLE_CODE = YES;
				CLANG_WARN__DUPLICATE_METHOD_MATCH = YES;
				COPY_PHASE_STRIP = NO;
				DEBUG_INFORMATION_FORMAT = "dwarf-with-dsym";
				ENABLE_NS_ASSERTIONS = NO;
				ENABLE_STRICT_OBJC_MSGSEND = YES;
				ENABLE_USER_SCRIPT_SANDBOXING = YES;
				GCC_C_LANGUAGE_STANDARD = gnu17;
				GCC_NO_COMMON_BLOCKS = YES;
				GCC_WARN_64_TO_32_BIT_CONVERSION = YES;
				GCC_WARN_ABOUT_RETURN_TYPE = YES_ERROR;
				GCC_WARN_UNDECLARED_SELECTOR = YES;
				GCC_WARN_UNINITIALIZED_AUTOS = YES_AGGRESSIVE;
				GCC_WARN_UNUSED_FUNCTION = YES;
				GCC_WARN_UNUSED_VARIABLE = YES;
				IPHONEOS_DEPLOYMENT_TARGET = 15.0;
				LOCALIZATION_PREFERS_STRING_CATALOGS = YES;
				MTL_ENABLE_DEBUG_INFO = NO;
				MTL_FAST_MATH = YES;
				SDKROOT = iphoneos;
				SWIFT_COMPILATION_MODE = wholemodule;
				VALIDATE_PRODUCT = YES;
			};
			name = Release;
		};
		32CD357F2BDC318100911EEB /* Debug */ = {
			isa = XCBuildConfiguration;
			buildSettings = {
				ASSETCATALOG_COMPILER_APPICON_NAME = AppIcon;
				ASSETCATALOG_COMPILER_GLOBAL_ACCENT_COLOR_NAME = AccentColor;
				CODE_SIGN_STYLE = Automatic;
				CURRENT_PROJECT_VERSION = 1;
				DEVELOPMENT_ASSET_PATHS = "\"Weather/Resources/Preview Content\"";
				DEVELOPMENT_TEAM = ZQHM35MVPU;
				ENABLE_PREVIEWS = YES;
				GENERATE_INFOPLIST_FILE = YES;
				INFOPLIST_FILE = Weather/Resources/Info.plist;
				INFOPLIST_KEY_LSApplicationCategoryType = "public.app-category.weather";
				INFOPLIST_KEY_UIApplicationSceneManifest_Generation = YES;
				INFOPLIST_KEY_UIApplicationSupportsIndirectInputEvents = YES;
				INFOPLIST_KEY_UILaunchScreen_Generation = YES;
				INFOPLIST_KEY_UIStatusBarStyle = UIStatusBarStyleLightContent;
				INFOPLIST_KEY_UISupportedInterfaceOrientations = UIInterfaceOrientationPortrait;
				IPHONEOS_DEPLOYMENT_TARGET = 15.0;
				LD_RUNPATH_SEARCH_PATHS = (
					"$(inherited)",
					"@executable_path/Frameworks",
				);
				MARKETING_VERSION = 1.0;
				PRODUCT_BUNDLE_IDENTIFIER = LVBarbarian.Weather;
				PRODUCT_NAME = "$(TARGET_NAME)";
				SWIFT_EMIT_LOC_STRINGS = YES;
				SWIFT_VERSION = 5.0;
				TARGETED_DEVICE_FAMILY = "1,2";
			};
			name = Debug;
		};
		32CD35802BDC318100911EEB /* Release */ = {
			isa = XCBuildConfiguration;
			buildSettings = {
				ASSETCATALOG_COMPILER_APPICON_NAME = AppIcon;
				ASSETCATALOG_COMPILER_GLOBAL_ACCENT_COLOR_NAME = AccentColor;
				CODE_SIGN_STYLE = Automatic;
				CURRENT_PROJECT_VERSION = 1;
				DEVELOPMENT_ASSET_PATHS = "\"Weather/Resources/Preview Content\"";
				DEVELOPMENT_TEAM = ZQHM35MVPU;
				ENABLE_PREVIEWS = YES;
				GENERATE_INFOPLIST_FILE = YES;
				INFOPLIST_FILE = Weather/Resources/Info.plist;
				INFOPLIST_KEY_LSApplicationCategoryType = "public.app-category.weather";
				INFOPLIST_KEY_UIApplicationSceneManifest_Generation = YES;
				INFOPLIST_KEY_UIApplicationSupportsIndirectInputEvents = YES;
				INFOPLIST_KEY_UILaunchScreen_Generation = YES;
				INFOPLIST_KEY_UIStatusBarStyle = UIStatusBarStyleLightContent;
				INFOPLIST_KEY_UISupportedInterfaceOrientations = UIInterfaceOrientationPortrait;
				IPHONEOS_DEPLOYMENT_TARGET = 15.0;
				LD_RUNPATH_SEARCH_PATHS = (
					"$(inherited)",
					"@executable_path/Frameworks",
				);
				MARKETING_VERSION = 1.0;
				PRODUCT_BUNDLE_IDENTIFIER = LVBarbarian.Weather;
				PRODUCT_NAME = "$(TARGET_NAME)";
				SWIFT_EMIT_LOC_STRINGS = YES;
				SWIFT_VERSION = 5.0;
				TARGETED_DEVICE_FAMILY = "1,2";
			};
			name = Release;
		};
/* End XCBuildConfiguration section */

/* Begin XCConfigurationList section */
		32CD356B2BDC317F00911EEB /* Build configuration list for PBXProject "Weather" */ = {
			isa = XCConfigurationList;
			buildConfigurations = (
				32CD357C2BDC318100911EEB /* Debug */,
				32CD357D2BDC318100911EEB /* Release */,
			);
			defaultConfigurationIsVisible = 0;
			defaultConfigurationName = Release;
		};
		32CD357E2BDC318100911EEB /* Build configuration list for PBXNativeTarget "Weather" */ = {
			isa = XCConfigurationList;
			buildConfigurations = (
				32CD357F2BDC318100911EEB /* Debug */,
				32CD35802BDC318100911EEB /* Release */,
			);
			defaultConfigurationIsVisible = 0;
			defaultConfigurationName = Release;
		};
/* End XCConfigurationList section */
	};
	rootObject = 32CD35682BDC317F00911EEB /* Project object */;
}
