// !$*UTF8*$!
{
	archiveVersion = 1;
	classes = {
	};
	objectVersion = 56;
	objects = {

/* Begin PBXBuildFile section */
		320255A72BF6496D0095CB95 /* CustomProgressViewStyle.swift in Sources */ = {isa = PBXBuildFile; fileRef = 320255A62BF6496D0095CB95 /* CustomProgressViewStyle.swift */; };
		3230AAE62C15EABF0053074F /* View+Ext.swift in Sources */ = {isa = PBXBuildFile; fileRef = 3230AAE52C15EABE0053074F /* View+Ext.swift */; };
		3230AAEE2C15FB6E0053074F /* MapRepresentable.swift in Sources */ = {isa = PBXBuildFile; fileRef = 3230AAED2C15FB6E0053074F /* MapRepresentable.swift */; };
		3230AAF32C15FCF80053074F /* WindCompassView.swift in Sources */ = {isa = PBXBuildFile; fileRef = 3230AAF22C15FCF80053074F /* WindCompassView.swift */; };
		3230AAF52C15FEAB0053074F /* DashCircle.swift in Sources */ = {isa = PBXBuildFile; fileRef = 3230AAF42C15FEAB0053074F /* DashCircle.swift */; };
		3230AAF72C15FF780053074F /* ArrowShape.swift in Sources */ = {isa = PBXBuildFile; fileRef = 3230AAF62C15FF780053074F /* ArrowShape.swift */; };
		3230AAFA2C1600F10053074F /* WeatherSummaryViewModel.swift in Sources */ = {isa = PBXBuildFile; fileRef = 3230AAF92C1600F10053074F /* WeatherSummaryViewModel.swift */; };
		3230AB012C1618ED0053074F /* HourlyForecastViewModel.swift in Sources */ = {isa = PBXBuildFile; fileRef = 3230AB002C1618ED0053074F /* HourlyForecastViewModel.swift */; };
		3230AB032C161C670053074F /* DailyForecastViewModel.swift in Sources */ = {isa = PBXBuildFile; fileRef = 3230AB022C161C670053074F /* DailyForecastViewModel.swift */; };
		324AE9DB2C11FF870053C4AC /* WindView.swift in Sources */ = {isa = PBXBuildFile; fileRef = 324AE9DA2C11FF870053C4AC /* WindView.swift */; };
		324AE9DD2C121F690053C4AC /* Current.swift in Sources */ = {isa = PBXBuildFile; fileRef = 324AE9DC2C121F690053C4AC /* Current.swift */; };
		3264DAED2BE2254E000DBB32 /* CustomView.swift in Sources */ = {isa = PBXBuildFile; fileRef = 3264DAEC2BE2254E000DBB32 /* CustomView.swift */; };
		326D5CD12C19EEBC00045C73 /* MoonTrackerView.swift in Sources */ = {isa = PBXBuildFile; fileRef = 326D5CD02C19EEBC00045C73 /* MoonTrackerView.swift */; };
		326D5CD32C1A0DA400045C73 /* MoonTrackerViewModel.swift in Sources */ = {isa = PBXBuildFile; fileRef = 326D5CD22C1A0DA400045C73 /* MoonTrackerViewModel.swift */; };
		3278ABC12BF3C4EE00343573 /* DailyForecastView.swift in Sources */ = {isa = PBXBuildFile; fileRef = 3278ABC02BF3C4EE00343573 /* DailyForecastView.swift */; };
		327A3FF52C05023C003F5066 /* MapForecastView.swift in Sources */ = {isa = PBXBuildFile; fileRef = 327A3FF42C05023C003F5066 /* MapForecastView.swift */; };
		328CF0D32C18A7980046C7BD /* PrecipitationView.swift in Sources */ = {isa = PBXBuildFile; fileRef = 328CF0D22C18A7980046C7BD /* PrecipitationView.swift */; };
		328CF0D52C18A7E20046C7BD /* PrecipitationViewModel.swift in Sources */ = {isa = PBXBuildFile; fileRef = 328CF0D42C18A7E20046C7BD /* PrecipitationViewModel.swift */; };
		328CF0D82C18BA560046C7BD /* VisibilityView.swift in Sources */ = {isa = PBXBuildFile; fileRef = 328CF0D72C18BA560046C7BD /* VisibilityView.swift */; };
		328CF0DB2C18BAAD0046C7BD /* VisibilityViewModel.swift in Sources */ = {isa = PBXBuildFile; fileRef = 328CF0DA2C18BAAD0046C7BD /* VisibilityViewModel.swift */; };
		328CF0E12C18E4A40046C7BD /* HumidityView.swift in Sources */ = {isa = PBXBuildFile; fileRef = 328CF0E02C18E4A40046C7BD /* HumidityView.swift */; };
		328CF0E32C18E4BC0046C7BD /* HumidityViewModel.swift in Sources */ = {isa = PBXBuildFile; fileRef = 328CF0E22C18E4BC0046C7BD /* HumidityViewModel.swift */; };
		32A55A4E2BDE6B5800692FBD /* ScrollContentBackgroundHiddenModifier.swift in Sources */ = {isa = PBXBuildFile; fileRef = 32A55A4D2BDE6B5800692FBD /* ScrollContentBackgroundHiddenModifier.swift */; };
		32A55A502BDEACDA00692FBD /* WeatherViewModel.swift in Sources */ = {isa = PBXBuildFile; fileRef = 32A55A4F2BDEACDA00692FBD /* WeatherViewModel.swift */; };
		32A55A522BDEB00100692FBD /* Weather.swift in Sources */ = {isa = PBXBuildFile; fileRef = 32A55A512BDEB00100692FBD /* Weather.swift */; };
		32A824772C09D7AF000E2422 /* Location.swift in Sources */ = {isa = PBXBuildFile; fileRef = 32A824762C09D7AF000E2422 /* Location.swift */; };
		32A8247B2C09D7E0000E2422 /* Forecast.swift in Sources */ = {isa = PBXBuildFile; fileRef = 32A8247A2C09D7E0000E2422 /* Forecast.swift */; };
		32A8247D2C09D7F7000E2422 /* ForecastDay.swift in Sources */ = {isa = PBXBuildFile; fileRef = 32A8247C2C09D7F7000E2422 /* ForecastDay.swift */; };
		32A8247F2C09D7FF000E2422 /* Day.swift in Sources */ = {isa = PBXBuildFile; fileRef = 32A8247E2C09D7FF000E2422 /* Day.swift */; };
		32A824812C09D807000E2422 /* Condition.swift in Sources */ = {isa = PBXBuildFile; fileRef = 32A824802C09D807000E2422 /* Condition.swift */; };
		32A824832C09D80E000E2422 /* Hour.swift in Sources */ = {isa = PBXBuildFile; fileRef = 32A824822C09D80E000E2422 /* Hour.swift */; };
		32B3708C2C08F66C00241DBF /* SunTrackerView.swift in Sources */ = {isa = PBXBuildFile; fileRef = 32B3708B2C08F66C00241DBF /* SunTrackerView.swift */; };
		32B3708E2C08FDC000241DBF /* WaveView.swift in Sources */ = {isa = PBXBuildFile; fileRef = 32B3708D2C08FDC000241DBF /* WaveView.swift */; };
		32B6CDA32C061F2700B0B61A /* UVIndexView.swift in Sources */ = {isa = PBXBuildFile; fileRef = 32B6CDA22C061F2700B0B61A /* UVIndexView.swift */; };
		32B6E63B2C0B66FE0057F039 /* Astro.swift in Sources */ = {isa = PBXBuildFile; fileRef = 32B6E63A2C0B66FE0057F039 /* Astro.swift */; };
		32C377BC2BEE4416003179EA /* HttpClient.swift in Sources */ = {isa = PBXBuildFile; fileRef = 32C377BB2BEE4415003179EA /* HttpClient.swift */; };
		32C377BE2BEE99A0003179EA /* HourlyForecastView.swift in Sources */ = {isa = PBXBuildFile; fileRef = 32C377BD2BEE99A0003179EA /* HourlyForecastView.swift */; };
		32CD35742BDC317F00911EEB /* WeatherApp.swift in Sources */ = {isa = PBXBuildFile; fileRef = 32CD35732BDC317F00911EEB /* WeatherApp.swift */; };
		32CD35762BDC317F00911EEB /* WeatherView.swift in Sources */ = {isa = PBXBuildFile; fileRef = 32CD35752BDC317F00911EEB /* WeatherView.swift */; };
		32CD35782BDC318100911EEB /* Assets.xcassets in Resources */ = {isa = PBXBuildFile; fileRef = 32CD35772BDC318100911EEB /* Assets.xcassets */; };
		32CD357B2BDC318100911EEB /* Preview Assets.xcassets in Resources */ = {isa = PBXBuildFile; fileRef = 32CD357A2BDC318100911EEB /* Preview Assets.xcassets */; };
		32CE58202BED50160082159F /* WeatherSummaryView.swift in Sources */ = {isa = PBXBuildFile; fileRef = 32CE581F2BED50160082159F /* WeatherSummaryView.swift */; };
		32D27FAD2C1765F200AE432D /* FeelsLikeView.swift in Sources */ = {isa = PBXBuildFile; fileRef = 32D27FAC2C1765F200AE432D /* FeelsLikeView.swift */; };
		32D27FAF2C1766DC00AE432D /* FeelsLikeViewModel.swift in Sources */ = {isa = PBXBuildFile; fileRef = 32D27FAE2C1766DC00AE432D /* FeelsLikeViewModel.swift */; };
		32ED50CC2C171D4A00EE77BD /* UVIndexViewModel.swift in Sources */ = {isa = PBXBuildFile; fileRef = 32ED50CB2C171D4A00EE77BD /* UVIndexViewModel.swift */; };
		32ED50CE2C17236D00EE77BD /* SunTrackerViewModel.swift in Sources */ = {isa = PBXBuildFile; fileRef = 32ED50CD2C17236D00EE77BD /* SunTrackerViewModel.swift */; };
		32ED50D02C17262000EE77BD /* WindViewModel.swift in Sources */ = {isa = PBXBuildFile; fileRef = 32ED50CF2C17262000EE77BD /* WindViewModel.swift */; };
		32EFCB022BFD38BE0042A706 /* BackgroundView.swift in Sources */ = {isa = PBXBuildFile; fileRef = 32EFCB012BFD38BE0042A706 /* BackgroundView.swift */; };
/* End PBXBuildFile section */

/* Begin PBXFileReference section */
		320255A62BF6496D0095CB95 /* CustomProgressViewStyle.swift */ = {isa = PBXFileReference; lastKnownFileType = sourcecode.swift; path = CustomProgressViewStyle.swift; sourceTree = "<group>"; };
		3230AAE52C15EABE0053074F /* View+Ext.swift */ = {isa = PBXFileReference; lastKnownFileType = sourcecode.swift; path = "View+Ext.swift"; sourceTree = "<group>"; };
		3230AAED2C15FB6E0053074F /* MapRepresentable.swift */ = {isa = PBXFileReference; lastKnownFileType = sourcecode.swift; path = MapRepresentable.swift; sourceTree = "<group>"; };
		3230AAF22C15FCF80053074F /* WindCompassView.swift */ = {isa = PBXFileReference; lastKnownFileType = sourcecode.swift; path = WindCompassView.swift; sourceTree = "<group>"; };
		3230AAF42C15FEAB0053074F /* DashCircle.swift */ = {isa = PBXFileReference; lastKnownFileType = sourcecode.swift; path = DashCircle.swift; sourceTree = "<group>"; };
		3230AAF62C15FF780053074F /* ArrowShape.swift */ = {isa = PBXFileReference; lastKnownFileType = sourcecode.swift; path = ArrowShape.swift; sourceTree = "<group>"; };
		3230AAF92C1600F10053074F /* WeatherSummaryViewModel.swift */ = {isa = PBXFileReference; lastKnownFileType = sourcecode.swift; path = WeatherSummaryViewModel.swift; sourceTree = "<group>"; };
		3230AB002C1618ED0053074F /* HourlyForecastViewModel.swift */ = {isa = PBXFileReference; lastKnownFileType = sourcecode.swift; path = HourlyForecastViewModel.swift; sourceTree = "<group>"; };
		3230AB022C161C670053074F /* DailyForecastViewModel.swift */ = {isa = PBXFileReference; lastKnownFileType = sourcecode.swift; path = DailyForecastViewModel.swift; sourceTree = "<group>"; };
		324AE9DA2C11FF870053C4AC /* WindView.swift */ = {isa = PBXFileReference; lastKnownFileType = sourcecode.swift; path = WindView.swift; sourceTree = "<group>"; };
		324AE9DC2C121F690053C4AC /* Current.swift */ = {isa = PBXFileReference; lastKnownFileType = sourcecode.swift; path = Current.swift; sourceTree = "<group>"; };
		3264DAEC2BE2254E000DBB32 /* CustomView.swift */ = {isa = PBXFileReference; lastKnownFileType = sourcecode.swift; path = CustomView.swift; sourceTree = "<group>"; };
		326D5CD02C19EEBC00045C73 /* MoonTrackerView.swift */ = {isa = PBXFileReference; lastKnownFileType = sourcecode.swift; path = MoonTrackerView.swift; sourceTree = "<group>"; };
		326D5CD22C1A0DA400045C73 /* MoonTrackerViewModel.swift */ = {isa = PBXFileReference; lastKnownFileType = sourcecode.swift; path = MoonTrackerViewModel.swift; sourceTree = "<group>"; };
		3278ABC02BF3C4EE00343573 /* DailyForecastView.swift */ = {isa = PBXFileReference; lastKnownFileType = sourcecode.swift; path = DailyForecastView.swift; sourceTree = "<group>"; };
		327A3FF42C05023C003F5066 /* MapForecastView.swift */ = {isa = PBXFileReference; lastKnownFileType = sourcecode.swift; path = MapForecastView.swift; sourceTree = "<group>"; };
		328CF0D22C18A7980046C7BD /* PrecipitationView.swift */ = {isa = PBXFileReference; lastKnownFileType = sourcecode.swift; path = PrecipitationView.swift; sourceTree = "<group>"; };
		328CF0D42C18A7E20046C7BD /* PrecipitationViewModel.swift */ = {isa = PBXFileReference; lastKnownFileType = sourcecode.swift; path = PrecipitationViewModel.swift; sourceTree = "<group>"; };
		328CF0D72C18BA560046C7BD /* VisibilityView.swift */ = {isa = PBXFileReference; lastKnownFileType = sourcecode.swift; path = VisibilityView.swift; sourceTree = "<group>"; };
		328CF0DA2C18BAAD0046C7BD /* VisibilityViewModel.swift */ = {isa = PBXFileReference; lastKnownFileType = sourcecode.swift; path = VisibilityViewModel.swift; sourceTree = "<group>"; };
		328CF0E02C18E4A40046C7BD /* HumidityView.swift */ = {isa = PBXFileReference; lastKnownFileType = sourcecode.swift; path = HumidityView.swift; sourceTree = "<group>"; };
		328CF0E22C18E4BC0046C7BD /* HumidityViewModel.swift */ = {isa = PBXFileReference; lastKnownFileType = sourcecode.swift; path = HumidityViewModel.swift; sourceTree = "<group>"; };
		32A55A4D2BDE6B5800692FBD /* ScrollContentBackgroundHiddenModifier.swift */ = {isa = PBXFileReference; lastKnownFileType = sourcecode.swift; path = ScrollContentBackgroundHiddenModifier.swift; sourceTree = "<group>"; };
		32A55A4F2BDEACDA00692FBD /* WeatherViewModel.swift */ = {isa = PBXFileReference; lastKnownFileType = sourcecode.swift; path = WeatherViewModel.swift; sourceTree = "<group>"; };
		32A55A512BDEB00100692FBD /* Weather.swift */ = {isa = PBXFileReference; lastKnownFileType = sourcecode.swift; path = Weather.swift; sourceTree = "<group>"; };
		32A824762C09D7AF000E2422 /* Location.swift */ = {isa = PBXFileReference; lastKnownFileType = sourcecode.swift; path = Location.swift; sourceTree = "<group>"; };
		32A8247A2C09D7E0000E2422 /* Forecast.swift */ = {isa = PBXFileReference; lastKnownFileType = sourcecode.swift; path = Forecast.swift; sourceTree = "<group>"; };
		32A8247C2C09D7F7000E2422 /* ForecastDay.swift */ = {isa = PBXFileReference; lastKnownFileType = sourcecode.swift; path = ForecastDay.swift; sourceTree = "<group>"; };
		32A8247E2C09D7FF000E2422 /* Day.swift */ = {isa = PBXFileReference; lastKnownFileType = sourcecode.swift; path = Day.swift; sourceTree = "<group>"; };
		32A824802C09D807000E2422 /* Condition.swift */ = {isa = PBXFileReference; lastKnownFileType = sourcecode.swift; path = Condition.swift; sourceTree = "<group>"; };
		32A824822C09D80E000E2422 /* Hour.swift */ = {isa = PBXFileReference; lastKnownFileType = sourcecode.swift; path = Hour.swift; sourceTree = "<group>"; };
		32B3708B2C08F66C00241DBF /* SunTrackerView.swift */ = {isa = PBXFileReference; lastKnownFileType = sourcecode.swift; path = SunTrackerView.swift; sourceTree = "<group>"; };
		32B3708D2C08FDC000241DBF /* WaveView.swift */ = {isa = PBXFileReference; lastKnownFileType = sourcecode.swift; path = WaveView.swift; sourceTree = "<group>"; };
		32B6CDA22C061F2700B0B61A /* UVIndexView.swift */ = {isa = PBXFileReference; lastKnownFileType = sourcecode.swift; path = UVIndexView.swift; sourceTree = "<group>"; };
		32B6E63A2C0B66FE0057F039 /* Astro.swift */ = {isa = PBXFileReference; lastKnownFileType = sourcecode.swift; path = Astro.swift; sourceTree = "<group>"; };
		32C377BB2BEE4415003179EA /* HttpClient.swift */ = {isa = PBXFileReference; lastKnownFileType = sourcecode.swift; path = HttpClient.swift; sourceTree = "<group>"; };
		32C377BD2BEE99A0003179EA /* HourlyForecastView.swift */ = {isa = PBXFileReference; lastKnownFileType = sourcecode.swift; path = HourlyForecastView.swift; sourceTree = "<group>"; };
		32CD35702BDC317F00911EEB /* Weather.app */ = {isa = PBXFileReference; explicitFileType = wrapper.application; includeInIndex = 0; path = Weather.app; sourceTree = BUILT_PRODUCTS_DIR; };
		32CD35732BDC317F00911EEB /* WeatherApp.swift */ = {isa = PBXFileReference; lastKnownFileType = sourcecode.swift; path = WeatherApp.swift; sourceTree = "<group>"; };
		32CD35752BDC317F00911EEB /* WeatherView.swift */ = {isa = PBXFileReference; lastKnownFileType = sourcecode.swift; path = WeatherView.swift; sourceTree = "<group>"; };
		32CD35772BDC318100911EEB /* Assets.xcassets */ = {isa = PBXFileReference; lastKnownFileType = folder.assetcatalog; name = Assets.xcassets; path = "/Applications/Xcode.app/Contents/Developer/Platforms/iPhoneOS.platform/Developer/SDKs/iPhoneOS17.5.sdk/../../../../../../../../../Users/vladlialkin/Swift Projects/Weather/Weather/Resources/Assets.xcassets"; sourceTree = "<absolute>"; };
		32CD357A2BDC318100911EEB /* Preview Assets.xcassets */ = {isa = PBXFileReference; lastKnownFileType = folder.assetcatalog; path = "Preview Assets.xcassets"; sourceTree = "<group>"; };
		32CD35862BDC32BF00911EEB /* Info.plist */ = {isa = PBXFileReference; lastKnownFileType = text.plist.xml; path = Info.plist; sourceTree = "<group>"; };
		32CE581F2BED50160082159F /* WeatherSummaryView.swift */ = {isa = PBXFileReference; lastKnownFileType = sourcecode.swift; path = WeatherSummaryView.swift; sourceTree = "<group>"; };
		32D27FAC2C1765F200AE432D /* FeelsLikeView.swift */ = {isa = PBXFileReference; lastKnownFileType = sourcecode.swift; path = FeelsLikeView.swift; sourceTree = "<group>"; };
		32D27FAE2C1766DC00AE432D /* FeelsLikeViewModel.swift */ = {isa = PBXFileReference; lastKnownFileType = sourcecode.swift; path = FeelsLikeViewModel.swift; sourceTree = "<group>"; };
		32ED50CB2C171D4A00EE77BD /* UVIndexViewModel.swift */ = {isa = PBXFileReference; lastKnownFileType = sourcecode.swift; path = UVIndexViewModel.swift; sourceTree = "<group>"; };
		32ED50CD2C17236D00EE77BD /* SunTrackerViewModel.swift */ = {isa = PBXFileReference; lastKnownFileType = sourcecode.swift; path = SunTrackerViewModel.swift; sourceTree = "<group>"; };
		32ED50CF2C17262000EE77BD /* WindViewModel.swift */ = {isa = PBXFileReference; lastKnownFileType = sourcecode.swift; path = WindViewModel.swift; sourceTree = "<group>"; };
		32EFCB012BFD38BE0042A706 /* BackgroundView.swift */ = {isa = PBXFileReference; lastKnownFileType = sourcecode.swift; path = BackgroundView.swift; sourceTree = "<group>"; };
/* End PBXFileReference section */

/* Begin PBXFrameworksBuildPhase section */
		32CD356D2BDC317F00911EEB /* Frameworks */ = {
			isa = PBXFrameworksBuildPhase;
			buildActionMask = 2147483647;
			files = (
			);
			runOnlyForDeploymentPostprocessing = 0;
		};
/* End PBXFrameworksBuildPhase section */

/* Begin PBXGroup section */
		3230AAE42C15EA410053074F /* Extensions */ = {
			isa = PBXGroup;
			children = (
				3230AAE52C15EABE0053074F /* View+Ext.swift */,
			);
			path = Extensions;
			sourceTree = "<group>";
		};
		3230AAE72C15EB7A0053074F /* Network */ = {
			isa = PBXGroup;
			children = (
				32C377BB2BEE4415003179EA /* HttpClient.swift */,
			);
			path = Network;
			sourceTree = "<group>";
		};
		3230AAE82C15F5110053074F /* WeatherScreen */ = {
			isa = PBXGroup;
			children = (
				32CD35752BDC317F00911EEB /* WeatherView.swift */,
				3230AAFF2C16170A0053074F /* WeatherSummary */,
				3230AAFE2C1616FF0053074F /* HourlyForecast */,
				3230AAFD2C1616F30053074F /* DailyForecast */,
				3230AAEC2C15FB4F0053074F /* MapForecast */,
				3230AAFC2C1616EA0053074F /* UVIndex */,
				3230AAF02C15FBDE0053074F /* SunTracker */,
				3230AAF12C15FC1D0053074F /* Wind */,
				32D27FAB2C1765C200AE432D /* FeelsLike */,
				328CF0D12C18A75E0046C7BD /* Precipitation */,
				328CF0D62C18BA270046C7BD /* Visibility */,
				328CF0DD2C18E35B0046C7BD /* Humidity */,
				326D5CCF2C19CE1700045C73 /* MoonTracker */,
				3230AAFB2C1616C60053074F /* AdditionalViews */,
			);
			path = WeatherScreen;
			sourceTree = "<group>";
		};
		3230AAEC2C15FB4F0053074F /* MapForecast */ = {
			isa = PBXGroup;
			children = (
				327A3FF42C05023C003F5066 /* MapForecastView.swift */,
				3230AAED2C15FB6E0053074F /* MapRepresentable.swift */,
			);
			path = MapForecast;
			sourceTree = "<group>";
		};
		3230AAF02C15FBDE0053074F /* SunTracker */ = {
			isa = PBXGroup;
			children = (
				32B3708B2C08F66C00241DBF /* SunTrackerView.swift */,
				32B3708D2C08FDC000241DBF /* WaveView.swift */,
			);
			path = SunTracker;
			sourceTree = "<group>";
		};
		3230AAF12C15FC1D0053074F /* Wind */ = {
			isa = PBXGroup;
			children = (
				324AE9DA2C11FF870053C4AC /* WindView.swift */,
				3230AAF22C15FCF80053074F /* WindCompassView.swift */,
				3230AAF42C15FEAB0053074F /* DashCircle.swift */,
				3230AAF62C15FF780053074F /* ArrowShape.swift */,
			);
			path = Wind;
			sourceTree = "<group>";
		};
		3230AAF82C1600C60053074F /* WeatherScreen */ = {
			isa = PBXGroup;
			children = (
				32A55A4F2BDEACDA00692FBD /* WeatherViewModel.swift */,
				3230AAF92C1600F10053074F /* WeatherSummaryViewModel.swift */,
				3230AB002C1618ED0053074F /* HourlyForecastViewModel.swift */,
				3230AB022C161C670053074F /* DailyForecastViewModel.swift */,
				32ED50CB2C171D4A00EE77BD /* UVIndexViewModel.swift */,
				32ED50CD2C17236D00EE77BD /* SunTrackerViewModel.swift */,
				32ED50CF2C17262000EE77BD /* WindViewModel.swift */,
				32D27FAE2C1766DC00AE432D /* FeelsLikeViewModel.swift */,
				328CF0D42C18A7E20046C7BD /* PrecipitationViewModel.swift */,
				328CF0DA2C18BAAD0046C7BD /* VisibilityViewModel.swift */,
				328CF0E22C18E4BC0046C7BD /* HumidityViewModel.swift */,
				326D5CD22C1A0DA400045C73 /* MoonTrackerViewModel.swift */,
			);
			path = WeatherScreen;
			sourceTree = "<group>";
		};
		3230AAFB2C1616C60053074F /* AdditionalViews */ = {
			isa = PBXGroup;
			children = (
				3264DAEC2BE2254E000DBB32 /* CustomView.swift */,
				320255A62BF6496D0095CB95 /* CustomProgressViewStyle.swift */,
				32EFCB012BFD38BE0042A706 /* BackgroundView.swift */,
			);
			path = AdditionalViews;
			sourceTree = "<group>";
		};
		3230AAFC2C1616EA0053074F /* UVIndex */ = {
			isa = PBXGroup;
			children = (
				32B6CDA22C061F2700B0B61A /* UVIndexView.swift */,
			);
			path = UVIndex;
			sourceTree = "<group>";
		};
		3230AAFD2C1616F30053074F /* DailyForecast */ = {
			isa = PBXGroup;
			children = (
				3278ABC02BF3C4EE00343573 /* DailyForecastView.swift */,
			);
			path = DailyForecast;
			sourceTree = "<group>";
		};
		3230AAFE2C1616FF0053074F /* HourlyForecast */ = {
			isa = PBXGroup;
			children = (
				32C377BD2BEE99A0003179EA /* HourlyForecastView.swift */,
			);
			path = HourlyForecast;
			sourceTree = "<group>";
		};
		3230AAFF2C16170A0053074F /* WeatherSummary */ = {
			isa = PBXGroup;
			children = (
				32CE581F2BED50160082159F /* WeatherSummaryView.swift */,
			);
			path = WeatherSummary;
			sourceTree = "<group>";
		};
		326D5CCF2C19CE1700045C73 /* MoonTracker */ = {
			isa = PBXGroup;
			children = (
				326D5CD02C19EEBC00045C73 /* MoonTrackerView.swift */,
			);
			path = MoonTracker;
			sourceTree = "<group>";
		};
		328CF0D12C18A75E0046C7BD /* Precipitation */ = {
			isa = PBXGroup;
			children = (
				328CF0D22C18A7980046C7BD /* PrecipitationView.swift */,
			);
			path = Precipitation;
			sourceTree = "<group>";
		};
		328CF0D62C18BA270046C7BD /* Visibility */ = {
			isa = PBXGroup;
			children = (
				328CF0D72C18BA560046C7BD /* VisibilityView.swift */,
			);
			path = Visibility;
			sourceTree = "<group>";
		};
		328CF0DD2C18E35B0046C7BD /* Humidity */ = {
			isa = PBXGroup;
			children = (
				328CF0E02C18E4A40046C7BD /* HumidityView.swift */,
			);
			path = Humidity;
			sourceTree = "<group>";
		};
		32A55A462BDE6A6000692FBD /* Views */ = {
			isa = PBXGroup;
			children = (
				3230AAE82C15F5110053074F /* WeatherScreen */,
			);
			path = Views;
			sourceTree = "<group>";
		};
		32A55A472BDE6A6800692FBD /* ViewModels */ = {
			isa = PBXGroup;
			children = (
				3230AAF82C1600C60053074F /* WeatherScreen */,
			);
			path = ViewModels;
			sourceTree = "<group>";
		};
		32A55A482BDE6A8A00692FBD /* Models */ = {
			isa = PBXGroup;
			children = (
				32A55A512BDEB00100692FBD /* Weather.swift */,
				32A824762C09D7AF000E2422 /* Location.swift */,
				324AE9DC2C121F690053C4AC /* Current.swift */,
				32A8247A2C09D7E0000E2422 /* Forecast.swift */,
				32A8247C2C09D7F7000E2422 /* ForecastDay.swift */,
				32A8247E2C09D7FF000E2422 /* Day.swift */,
				32A824802C09D807000E2422 /* Condition.swift */,
				32B6E63A2C0B66FE0057F039 /* Astro.swift */,
				32A824822C09D80E000E2422 /* Hour.swift */,
			);
			path = Models;
			sourceTree = "<group>";
		};
		32A55A492BDE6A9A00692FBD /* App Lifecyle */ = {
			isa = PBXGroup;
			children = (
				32CD35732BDC317F00911EEB /* WeatherApp.swift */,
			);
			path = "App Lifecyle";
			sourceTree = "<group>";
		};
		32A55A4A2BDE6ADB00692FBD /* Utilities */ = {
			isa = PBXGroup;
			children = (
				3230AAE42C15EA410053074F /* Extensions */,
				3230AAE72C15EB7A0053074F /* Network */,
			);
			path = Utilities;
			sourceTree = "<group>";
		};
		32A55A4B2BDE6AED00692FBD /* Resources */ = {
			isa = PBXGroup;
			children = (
				32CD35862BDC32BF00911EEB /* Info.plist */,
				32CD35772BDC318100911EEB /* Assets.xcassets */,
				32CD35792BDC318100911EEB /* Preview Content */,
			);
			path = Resources;
			sourceTree = "<group>";
		};
		32A55A4C2BDE6B3900692FBD /* ViewModifiers */ = {
			isa = PBXGroup;
			children = (
				32A55A4D2BDE6B5800692FBD /* ScrollContentBackgroundHiddenModifier.swift */,
			);
			path = ViewModifiers;
			sourceTree = "<group>";
		};
		32CD35672BDC317F00911EEB = {
			isa = PBXGroup;
			children = (
				32CD35722BDC317F00911EEB /* Weather */,
				32CD35712BDC317F00911EEB /* Products */,
			);
			sourceTree = "<group>";
		};
		32CD35712BDC317F00911EEB /* Products */ = {
			isa = PBXGroup;
			children = (
				32CD35702BDC317F00911EEB /* Weather.app */,
			);
			name = Products;
			sourceTree = "<group>";
		};
		32CD35722BDC317F00911EEB /* Weather */ = {
			isa = PBXGroup;
			children = (
				32A55A492BDE6A9A00692FBD /* App Lifecyle */,
				32A55A482BDE6A8A00692FBD /* Models */,
				32A55A462BDE6A6000692FBD /* Views */,
				32A55A472BDE6A6800692FBD /* ViewModels */,
				32A55A4C2BDE6B3900692FBD /* ViewModifiers */,
				32A55A4A2BDE6ADB00692FBD /* Utilities */,
				32A55A4B2BDE6AED00692FBD /* Resources */,
			);
			path = Weather;
			sourceTree = "<group>";
		};
		32CD35792BDC318100911EEB /* Preview Content */ = {
			isa = PBXGroup;
			children = (
				32CD357A2BDC318100911EEB /* Preview Assets.xcassets */,
			);
			path = "Preview Content";
			sourceTree = "<group>";
		};
		32D27FAB2C1765C200AE432D /* FeelsLike */ = {
			isa = PBXGroup;
			children = (
				32D27FAC2C1765F200AE432D /* FeelsLikeView.swift */,
			);
			path = FeelsLike;
			sourceTree = "<group>";
		};
/* End PBXGroup section */

/* Begin PBXNativeTarget section */
		32CD356F2BDC317F00911EEB /* Weather */ = {
			isa = PBXNativeTarget;
			buildConfigurationList = 32CD357E2BDC318100911EEB /* Build configuration list for PBXNativeTarget "Weather" */;
			buildPhases = (
				32CD356C2BDC317F00911EEB /* Sources */,
				32CD356D2BDC317F00911EEB /* Frameworks */,
				32CD356E2BDC317F00911EEB /* Resources */,
			);
			buildRules = (
			);
			dependencies = (
			);
			name = Weather;
			packageProductDependencies = (
			);
			productName = Weather;
			productReference = 32CD35702BDC317F00911EEB /* Weather.app */;
			productType = "com.apple.product-type.application";
		};
/* End PBXNativeTarget section */

/* Begin PBXProject section */
		32CD35682BDC317F00911EEB /* Project object */ = {
			isa = PBXProject;
			attributes = {
				BuildIndependentTargetsInParallel = 1;
				LastSwiftUpdateCheck = 1530;
				LastUpgradeCheck = 1530;
				TargetAttributes = {
					32CD356F2BDC317F00911EEB = {
						CreatedOnToolsVersion = 15.3;
					};
				};
			};
			buildConfigurationList = 32CD356B2BDC317F00911EEB /* Build configuration list for PBXProject "Weather" */;
			compatibilityVersion = "Xcode 14.0";
			developmentRegion = en;
			hasScannedForEncodings = 0;
			knownRegions = (
				en,
				Base,
			);
			mainGroup = 32CD35672BDC317F00911EEB;
			packageReferences = (
			);
			productRefGroup = 32CD35712BDC317F00911EEB /* Products */;
			projectDirPath = "";
			projectRoot = "";
			targets = (
				32CD356F2BDC317F00911EEB /* Weather */,
			);
		};
/* End PBXProject section */

/* Begin PBXResourcesBuildPhase section */
		32CD356E2BDC317F00911EEB /* Resources */ = {
			isa = PBXResourcesBuildPhase;
			buildActionMask = 2147483647;
			files = (
				32CD357B2BDC318100911EEB /* Preview Assets.xcassets in Resources */,
				32CD35782BDC318100911EEB /* Assets.xcassets in Resources */,
			);
			runOnlyForDeploymentPostprocessing = 0;
		};
/* End PBXResourcesBuildPhase section */

/* Begin PBXSourcesBuildPhase section */
		32CD356C2BDC317F00911EEB /* Sources */ = {
			isa = PBXSourcesBuildPhase;
			buildActionMask = 2147483647;
			files = (
				3230AAFA2C1600F10053074F /* WeatherSummaryViewModel.swift in Sources */,
				32B6CDA32C061F2700B0B61A /* UVIndexView.swift in Sources */,
				3230AB032C161C670053074F /* DailyForecastViewModel.swift in Sources */,
				328CF0E32C18E4BC0046C7BD /* HumidityViewModel.swift in Sources */,
				32D27FAF2C1766DC00AE432D /* FeelsLikeViewModel.swift in Sources */,
				32A55A522BDEB00100692FBD /* Weather.swift in Sources */,
				3230AAF52C15FEAB0053074F /* DashCircle.swift in Sources */,
				328CF0DB2C18BAAD0046C7BD /* VisibilityViewModel.swift in Sources */,
				3230AAEE2C15FB6E0053074F /* MapRepresentable.swift in Sources */,
				327A3FF52C05023C003F5066 /* MapForecastView.swift in Sources */,
				3278ABC12BF3C4EE00343573 /* DailyForecastView.swift in Sources */,
				32A8247B2C09D7E0000E2422 /* Forecast.swift in Sources */,
				32CD35762BDC317F00911EEB /* WeatherView.swift in Sources */,
				324AE9DB2C11FF870053C4AC /* WindView.swift in Sources */,
				32A824772C09D7AF000E2422 /* Location.swift in Sources */,
				320255A72BF6496D0095CB95 /* CustomProgressViewStyle.swift in Sources */,
				326D5CD32C1A0DA400045C73 /* MoonTrackerViewModel.swift in Sources */,
				32A8247D2C09D7F7000E2422 /* ForecastDay.swift in Sources */,
				32CE58202BED50160082159F /* WeatherSummaryView.swift in Sources */,
				326D5CD12C19EEBC00045C73 /* MoonTrackerView.swift in Sources */,
				32B3708E2C08FDC000241DBF /* WaveView.swift in Sources */,
				32ED50CE2C17236D00EE77BD /* SunTrackerViewModel.swift in Sources */,
				32B3708C2C08F66C00241DBF /* SunTrackerView.swift in Sources */,
				3264DAED2BE2254E000DBB32 /* CustomView.swift in Sources */,
				32ED50CC2C171D4A00EE77BD /* UVIndexViewModel.swift in Sources */,
				3230AAF32C15FCF80053074F /* WindCompassView.swift in Sources */,
				32EFCB022BFD38BE0042A706 /* BackgroundView.swift in Sources */,
				32B6E63B2C0B66FE0057F039 /* Astro.swift in Sources */,
				3230AAF72C15FF780053074F /* ArrowShape.swift in Sources */,
				32D27FAD2C1765F200AE432D /* FeelsLikeView.swift in Sources */,
				328CF0E12C18E4A40046C7BD /* HumidityView.swift in Sources */,
				32ED50D02C17262000EE77BD /* WindViewModel.swift in Sources */,
				328CF0D82C18BA560046C7BD /* VisibilityView.swift in Sources */,
				324AE9DD2C121F690053C4AC /* Current.swift in Sources */,
				32CD35742BDC317F00911EEB /* WeatherApp.swift in Sources */,
				32C377BC2BEE4416003179EA /* HttpClient.swift in Sources */,
				32A824812C09D807000E2422 /* Condition.swift in Sources */,
				328CF0D32C18A7980046C7BD /* PrecipitationView.swift in Sources */,
				32A55A4E2BDE6B5800692FBD /* ScrollContentBackgroundHiddenModifier.swift in Sources */,
				32A55A502BDEACDA00692FBD /* WeatherViewModel.swift in Sources */,
				32A8247F2C09D7FF000E2422 /* Day.swift in Sources */,
				32C377BE2BEE99A0003179EA /* HourlyForecastView.swift in Sources */,
				3230AAE62C15EABF0053074F /* View+Ext.swift in Sources */,
				3230AB012C1618ED0053074F /* HourlyForecastViewModel.swift in Sources */,
				328CF0D52C18A7E20046C7BD /* PrecipitationViewModel.swift in Sources */,
				32A824832C09D80E000E2422 /* Hour.swift in Sources */,
			);
			runOnlyForDeploymentPostprocessing = 0;
		};
/* End PBXSourcesBuildPhase section */

/* Begin XCBuildConfiguration section */
		32CD357C2BDC318100911EEB /* Debug */ = {
			isa = XCBuildConfiguration;
			buildSettings = {
				ALWAYS_SEARCH_USER_PATHS = NO;
				ASSETCATALOG_COMPILER_GENERATE_SWIFT_ASSET_SYMBOL_EXTENSIONS = YES;
				CLANG_ANALYZER_NONNULL = YES;
				CLANG_ANALYZER_NUMBER_OBJECT_CONVERSION = YES_AGGRESSIVE;
				CLANG_CXX_LANGUAGE_STANDARD = "gnu++20";
				CLANG_ENABLE_MODULES = YES;
				CLANG_ENABLE_OBJC_ARC = YES;
				CLANG_ENABLE_OBJC_WEAK = YES;
				CLANG_WARN_BLOCK_CAPTURE_AUTORELEASING = YES;
				CLANG_WARN_BOOL_CONVERSION = YES;
				CLANG_WARN_COMMA = YES;
				CLANG_WARN_CONSTANT_CONVERSION = YES;
				CLANG_WARN_DEPRECATED_OBJC_IMPLEMENTATIONS = YES;
				CLANG_WARN_DIRECT_OBJC_ISA_USAGE = YES_ERROR;
				CLANG_WARN_DOCUMENTATION_COMMENTS = YES;
				CLANG_WARN_EMPTY_BODY = YES;
				CLANG_WARN_ENUM_CONVERSION = YES;
				CLANG_WARN_INFINITE_RECURSION = YES;
				CLANG_WARN_INT_CONVERSION = YES;
				CLANG_WARN_NON_LITERAL_NULL_CONVERSION = YES;
				CLANG_WARN_OBJC_IMPLICIT_RETAIN_SELF = YES;
				CLANG_WARN_OBJC_LITERAL_CONVERSION = YES;
				CLANG_WARN_OBJC_ROOT_CLASS = YES_ERROR;
				CLANG_WARN_QUOTED_INCLUDE_IN_FRAMEWORK_HEADER = YES;
				CLANG_WARN_RANGE_LOOP_ANALYSIS = YES;
				CLANG_WARN_STRICT_PROTOTYPES = YES;
				CLANG_WARN_SUSPICIOUS_MOVE = YES;
				CLANG_WARN_UNGUARDED_AVAILABILITY = YES_AGGRESSIVE;
				CLANG_WARN_UNREACHABLE_CODE = YES;
				CLANG_WARN__DUPLICATE_METHOD_MATCH = YES;
				COPY_PHASE_STRIP = NO;
				DEBUG_INFORMATION_FORMAT = dwarf;
				ENABLE_STRICT_OBJC_MSGSEND = YES;
				ENABLE_TESTABILITY = YES;
				ENABLE_USER_SCRIPT_SANDBOXING = YES;
				GCC_C_LANGUAGE_STANDARD = gnu17;
				GCC_DYNAMIC_NO_PIC = NO;
				GCC_NO_COMMON_BLOCKS = YES;
				GCC_OPTIMIZATION_LEVEL = 0;
				GCC_PREPROCESSOR_DEFINITIONS = (
					"DEBUG=1",
					"$(inherited)",
				);
				GCC_WARN_64_TO_32_BIT_CONVERSION = YES;
				GCC_WARN_ABOUT_RETURN_TYPE = YES_ERROR;
				GCC_WARN_UNDECLARED_SELECTOR = YES;
				GCC_WARN_UNINITIALIZED_AUTOS = YES_AGGRESSIVE;
				GCC_WARN_UNUSED_FUNCTION = YES;
				GCC_WARN_UNUSED_VARIABLE = YES;
				IPHONEOS_DEPLOYMENT_TARGET = 15.0;
				LOCALIZATION_PREFERS_STRING_CATALOGS = YES;
				MTL_ENABLE_DEBUG_INFO = INCLUDE_SOURCE;
				MTL_FAST_MATH = YES;
				ONLY_ACTIVE_ARCH = YES;
				SDKROOT = iphoneos;
				SWIFT_ACTIVE_COMPILATION_CONDITIONS = "DEBUG $(inherited)";
				SWIFT_OPTIMIZATION_LEVEL = "-Onone";
			};
			name = Debug;
		};
		32CD357D2BDC318100911EEB /* Release */ = {
			isa = XCBuildConfiguration;
			buildSettings = {
				ALWAYS_SEARCH_USER_PATHS = NO;
				ASSETCATALOG_COMPILER_GENERATE_SWIFT_ASSET_SYMBOL_EXTENSIONS = YES;
				CLANG_ANALYZER_NONNULL = YES;
				CLANG_ANALYZER_NUMBER_OBJECT_CONVERSION = YES_AGGRESSIVE;
				CLANG_CXX_LANGUAGE_STANDARD = "gnu++20";
				CLANG_ENABLE_MODULES = YES;
				CLANG_ENABLE_OBJC_ARC = YES;
				CLANG_ENABLE_OBJC_WEAK = YES;
				CLANG_WARN_BLOCK_CAPTURE_AUTORELEASING = YES;
				CLANG_WARN_BOOL_CONVERSION = YES;
				CLANG_WARN_COMMA = YES;
				CLANG_WARN_CONSTANT_CONVERSION = YES;
				CLANG_WARN_DEPRECATED_OBJC_IMPLEMENTATIONS = YES;
				CLANG_WARN_DIRECT_OBJC_ISA_USAGE = YES_ERROR;
				CLANG_WARN_DOCUMENTATION_COMMENTS = YES;
				CLANG_WARN_EMPTY_BODY = YES;
				CLANG_WARN_ENUM_CONVERSION = YES;
				CLANG_WARN_INFINITE_RECURSION = YES;
				CLANG_WARN_INT_CONVERSION = YES;
				CLANG_WARN_NON_LITERAL_NULL_CONVERSION = YES;
				CLANG_WARN_OBJC_IMPLICIT_RETAIN_SELF = YES;
				CLANG_WARN_OBJC_LITERAL_CONVERSION = YES;
				CLANG_WARN_OBJC_ROOT_CLASS = YES_ERROR;
				CLANG_WARN_QUOTED_INCLUDE_IN_FRAMEWORK_HEADER = YES;
				CLANG_WARN_RANGE_LOOP_ANALYSIS = YES;
				CLANG_WARN_STRICT_PROTOTYPES = YES;
				CLANG_WARN_SUSPICIOUS_MOVE = YES;
				CLANG_WARN_UNGUARDED_AVAILABILITY = YES_AGGRESSIVE;
				CLANG_WARN_UNREACHABLE_CODE = YES;
				CLANG_WARN__DUPLICATE_METHOD_MATCH = YES;
				COPY_PHASE_STRIP = NO;
				DEBUG_INFORMATION_FORMAT = "dwarf-with-dsym";
				ENABLE_NS_ASSERTIONS = NO;
				ENABLE_STRICT_OBJC_MSGSEND = YES;
				ENABLE_USER_SCRIPT_SANDBOXING = YES;
				GCC_C_LANGUAGE_STANDARD = gnu17;
				GCC_NO_COMMON_BLOCKS = YES;
				GCC_WARN_64_TO_32_BIT_CONVERSION = YES;
				GCC_WARN_ABOUT_RETURN_TYPE = YES_ERROR;
				GCC_WARN_UNDECLARED_SELECTOR = YES;
				GCC_WARN_UNINITIALIZED_AUTOS = YES_AGGRESSIVE;
				GCC_WARN_UNUSED_FUNCTION = YES;
				GCC_WARN_UNUSED_VARIABLE = YES;
				IPHONEOS_DEPLOYMENT_TARGET = 15.0;
				LOCALIZATION_PREFERS_STRING_CATALOGS = YES;
				MTL_ENABLE_DEBUG_INFO = NO;
				MTL_FAST_MATH = YES;
				SDKROOT = iphoneos;
				SWIFT_COMPILATION_MODE = wholemodule;
				VALIDATE_PRODUCT = YES;
			};
			name = Release;
		};
		32CD357F2BDC318100911EEB /* Debug */ = {
			isa = XCBuildConfiguration;
			buildSettings = {
				ASSETCATALOG_COMPILER_APPICON_NAME = AppIcon;
				ASSETCATALOG_COMPILER_GLOBAL_ACCENT_COLOR_NAME = AccentColor;
				CODE_SIGN_STYLE = Automatic;
				CURRENT_PROJECT_VERSION = 1;
				DEVELOPMENT_ASSET_PATHS = "\"Weather/Resources/Preview Content\"";
				DEVELOPMENT_TEAM = ZQHM35MVPU;
				ENABLE_PREVIEWS = YES;
				GENERATE_INFOPLIST_FILE = YES;
				INFOPLIST_FILE = Weather/Resources/Info.plist;
				INFOPLIST_KEY_LSApplicationCategoryType = "public.app-category.weather";
				INFOPLIST_KEY_UIApplicationSceneManifest_Generation = YES;
				INFOPLIST_KEY_UIApplicationSupportsIndirectInputEvents = YES;
				INFOPLIST_KEY_UILaunchScreen_Generation = YES;
				INFOPLIST_KEY_UIStatusBarStyle = UIStatusBarStyleLightContent;
				INFOPLIST_KEY_UISupportedInterfaceOrientations = UIInterfaceOrientationPortrait;
				IPHONEOS_DEPLOYMENT_TARGET = 15.0;
				LD_RUNPATH_SEARCH_PATHS = (
					"$(inherited)",
					"@executable_path/Frameworks",
				);
				MARKETING_VERSION = 1.0;
				PRODUCT_BUNDLE_IDENTIFIER = LVBarbarian.Weather;
				PRODUCT_NAME = "$(TARGET_NAME)";
				SWIFT_EMIT_LOC_STRINGS = YES;
				SWIFT_VERSION = 5.0;
				TARGETED_DEVICE_FAMILY = "1,2";
			};
			name = Debug;
		};
		32CD35802BDC318100911EEB /* Release */ = {
			isa = XCBuildConfiguration;
			buildSettings = {
				ASSETCATALOG_COMPILER_APPICON_NAME = AppIcon;
				ASSETCATALOG_COMPILER_GLOBAL_ACCENT_COLOR_NAME = AccentColor;
				CODE_SIGN_STYLE = Automatic;
				CURRENT_PROJECT_VERSION = 1;
				DEVELOPMENT_ASSET_PATHS = "\"Weather/Resources/Preview Content\"";
				DEVELOPMENT_TEAM = ZQHM35MVPU;
				ENABLE_PREVIEWS = YES;
				GENERATE_INFOPLIST_FILE = YES;
				INFOPLIST_FILE = Weather/Resources/Info.plist;
				INFOPLIST_KEY_LSApplicationCategoryType = "public.app-category.weather";
				INFOPLIST_KEY_UIApplicationSceneManifest_Generation = YES;
				INFOPLIST_KEY_UIApplicationSupportsIndirectInputEvents = YES;
				INFOPLIST_KEY_UILaunchScreen_Generation = YES;
				INFOPLIST_KEY_UIStatusBarStyle = UIStatusBarStyleLightContent;
				INFOPLIST_KEY_UISupportedInterfaceOrientations = UIInterfaceOrientationPortrait;
				IPHONEOS_DEPLOYMENT_TARGET = 15.0;
				LD_RUNPATH_SEARCH_PATHS = (
					"$(inherited)",
					"@executable_path/Frameworks",
				);
				MARKETING_VERSION = 1.0;
				PRODUCT_BUNDLE_IDENTIFIER = LVBarbarian.Weather;
				PRODUCT_NAME = "$(TARGET_NAME)";
				SWIFT_EMIT_LOC_STRINGS = YES;
				SWIFT_VERSION = 5.0;
				TARGETED_DEVICE_FAMILY = "1,2";
			};
			name = Release;
		};
/* End XCBuildConfiguration section */

/* Begin XCConfigurationList section */
		32CD356B2BDC317F00911EEB /* Build configuration list for PBXProject "Weather" */ = {
			isa = XCConfigurationList;
			buildConfigurations = (
				32CD357C2BDC318100911EEB /* Debug */,
				32CD357D2BDC318100911EEB /* Release */,
			);
			defaultConfigurationIsVisible = 0;
			defaultConfigurationName = Release;
		};
		32CD357E2BDC318100911EEB /* Build configuration list for PBXNativeTarget "Weather" */ = {
			isa = XCConfigurationList;
			buildConfigurations = (
				32CD357F2BDC318100911EEB /* Debug */,
				32CD35802BDC318100911EEB /* Release */,
			);
			defaultConfigurationIsVisible = 0;
			defaultConfigurationName = Release;
		};
/* End XCConfigurationList section */
	};
	rootObject = 32CD35682BDC317F00911EEB /* Project object */;
}
